// !$*UTF8*$!
{
	archiveVersion = 1;
	classes = {
	};
	objectVersion = 50;
	objects = {

/* Begin PBXBuildFile section */
		9542F45626F3316700664188 /* AppDelegate.swift in Sources */ = {isa = PBXBuildFile; fileRef = 9542F45526F3316700664188 /* AppDelegate.swift */; };
		9542F45A26F3316700664188 /* MainVC.swift in Sources */ = {isa = PBXBuildFile; fileRef = 9542F45926F3316700664188 /* MainVC.swift */; };
		9542F45F26F3316A00664188 /* Assets.xcassets in Resources */ = {isa = PBXBuildFile; fileRef = 9542F45E26F3316A00664188 /* Assets.xcassets */; };
		9542F46226F3316A00664188 /* LaunchScreen.storyboard in Resources */ = {isa = PBXBuildFile; fileRef = 9542F46026F3316A00664188 /* LaunchScreen.storyboard */; };
		9542F46B26F331B500664188 /* HWUtils.framework in Frameworks */ = {isa = PBXBuildFile; fileRef = 9542F46A26F331B500664188 /* HWUtils.framework */; };
		9542F46C26F331B500664188 /* HWUtils.framework in Embed Frameworks */ = {isa = PBXBuildFile; fileRef = 9542F46A26F331B500664188 /* HWUtils.framework */; settings = {ATTRIBUTES = (CodeSignOnCopy, RemoveHeadersOnCopy, ); }; };
		9542F47426F343D500664188 /* FastNotificationProtocolVC.swift in Sources */ = {isa = PBXBuildFile; fileRef = 9542F47326F343D500664188 /* FastNotificationProtocolVC.swift */; };
		9542F47626F34D0000664188 /* AlertStyleViewVC.swift in Sources */ = {isa = PBXBuildFile; fileRef = 9542F47526F34D0000664188 /* AlertStyleViewVC.swift */; };
		9542F47A26F367E200664188 /* AlertOne.swift in Sources */ = {isa = PBXBuildFile; fileRef = 9542F47926F367E200664188 /* AlertOne.swift */; };
		9542F47C26F367EE00664188 /* AlertOne.xib in Resources */ = {isa = PBXBuildFile; fileRef = 9542F47B26F367EE00664188 /* AlertOne.xib */; };
		955CA718270710A5000E0AEE /* CommonScriptMessageHandlerVC.swift in Sources */ = {isa = PBXBuildFile; fileRef = 955CA717270710A5000E0AEE /* CommonScriptMessageHandlerVC.swift */; };
		955CA71A270713D6000E0AEE /* main.html in Resources */ = {isa = PBXBuildFile; fileRef = 955CA719270713D6000E0AEE /* main.html */; };
		957A7416270EDDFE00D26434 /* kf.swift in Sources */ = {isa = PBXBuildFile; fileRef = 957A7415270EDDFE00D26434 /* kf.swift */; };
		957A74AC2715362F00D26434 /* SignView.swift in Sources */ = {isa = PBXBuildFile; fileRef = 957A74AB2715362F00D26434 /* SignView.swift */; };
		957A74CF2716BC0100D26434 /* TODOVC.swift in Sources */ = {isa = PBXBuildFile; fileRef = 957A74CE2716BC0000D26434 /* TODOVC.swift */; };
		9584629826F5BEC40086EB73 /* AlertTwo.swift in Sources */ = {isa = PBXBuildFile; fileRef = 9584629726F5BEC40086EB73 /* AlertTwo.swift */; };
		9584629A26F5BECF0086EB73 /* AlertTwo.xib in Resources */ = {isa = PBXBuildFile; fileRef = 9584629926F5BECF0086EB73 /* AlertTwo.xib */; };
		958462A726F5D1F70086EB73 /* TimerVC.swift in Sources */ = {isa = PBXBuildFile; fileRef = 958462A626F5D1F70086EB73 /* TimerVC.swift */; };
		958462A926F5D7780086EB73 /* WeakProxy.swift in Sources */ = {isa = PBXBuildFile; fileRef = 958462A826F5D7780086EB73 /* WeakProxy.swift */; };
		95FE7F952725957000EA1A08 /* Promise.swift in Sources */ = {isa = PBXBuildFile; fileRef = 95FE7F942725957000EA1A08 /* Promise.swift */; };
/* End PBXBuildFile section */

/* Begin PBXCopyFilesBuildPhase section */
		9542F46D26F331B600664188 /* Embed Frameworks */ = {
			isa = PBXCopyFilesBuildPhase;
			buildActionMask = 12;
			dstPath = "";
			dstSubfolderSpec = 10;
			files = (
				9542F46C26F331B500664188 /* HWUtils.framework in Embed Frameworks */,
			);
			name = "Embed Frameworks";
			runOnlyForDeploymentPostprocessing = 0;
		};
/* End PBXCopyFilesBuildPhase section */

/* Begin PBXFileReference section */
		9542F45226F3316700664188 /* Demo.app */ = {isa = PBXFileReference; explicitFileType = wrapper.application; includeInIndex = 0; path = Demo.app; sourceTree = BUILT_PRODUCTS_DIR; };
		9542F45526F3316700664188 /* AppDelegate.swift */ = {isa = PBXFileReference; lastKnownFileType = sourcecode.swift; path = AppDelegate.swift; sourceTree = "<group>"; };
		9542F45926F3316700664188 /* MainVC.swift */ = {isa = PBXFileReference; lastKnownFileType = sourcecode.swift; path = MainVC.swift; sourceTree = "<group>"; };
		9542F45E26F3316A00664188 /* Assets.xcassets */ = {isa = PBXFileReference; lastKnownFileType = folder.assetcatalog; path = Assets.xcassets; sourceTree = "<group>"; };
		9542F46126F3316A00664188 /* Base */ = {isa = PBXFileReference; lastKnownFileType = file.storyboard; name = Base; path = Base.lproj/LaunchScreen.storyboard; sourceTree = "<group>"; };
		9542F46326F3316A00664188 /* Info.plist */ = {isa = PBXFileReference; lastKnownFileType = text.plist.xml; path = Info.plist; sourceTree = "<group>"; };
		9542F46A26F331B500664188 /* HWUtils.framework */ = {isa = PBXFileReference; explicitFileType = wrapper.framework; path = HWUtils.framework; sourceTree = BUILT_PRODUCTS_DIR; };
		9542F47326F343D500664188 /* FastNotificationProtocolVC.swift */ = {isa = PBXFileReference; lastKnownFileType = sourcecode.swift; path = FastNotificationProtocolVC.swift; sourceTree = "<group>"; };
		9542F47526F34D0000664188 /* AlertStyleViewVC.swift */ = {isa = PBXFileReference; lastKnownFileType = sourcecode.swift; path = AlertStyleViewVC.swift; sourceTree = "<group>"; };
		9542F47926F367E200664188 /* AlertOne.swift */ = {isa = PBXFileReference; lastKnownFileType = sourcecode.swift; path = AlertOne.swift; sourceTree = "<group>"; };
		9542F47B26F367EE00664188 /* AlertOne.xib */ = {isa = PBXFileReference; lastKnownFileType = file.xib; path = AlertOne.xib; sourceTree = "<group>"; };
		955CA717270710A5000E0AEE /* CommonScriptMessageHandlerVC.swift */ = {isa = PBXFileReference; lastKnownFileType = sourcecode.swift; path = CommonScriptMessageHandlerVC.swift; sourceTree = "<group>"; };
		955CA719270713D6000E0AEE /* main.html */ = {isa = PBXFileReference; fileEncoding = 4; lastKnownFileType = text.html; path = main.html; sourceTree = "<group>"; };
		957A7415270EDDFE00D26434 /* kf.swift */ = {isa = PBXFileReference; lastKnownFileType = sourcecode.swift; path = kf.swift; sourceTree = "<group>"; };
		957A74AB2715362F00D26434 /* SignView.swift */ = {isa = PBXFileReference; lastKnownFileType = sourcecode.swift; path = SignView.swift; sourceTree = "<group>"; };
		957A74CE2716BC0000D26434 /* TODOVC.swift */ = {isa = PBXFileReference; lastKnownFileType = sourcecode.swift; path = TODOVC.swift; sourceTree = "<group>"; };
		9584629726F5BEC40086EB73 /* AlertTwo.swift */ = {isa = PBXFileReference; lastKnownFileType = sourcecode.swift; path = AlertTwo.swift; sourceTree = "<group>"; };
		9584629926F5BECF0086EB73 /* AlertTwo.xib */ = {isa = PBXFileReference; lastKnownFileType = file.xib; path = AlertTwo.xib; sourceTree = "<group>"; };
		958462A626F5D1F70086EB73 /* TimerVC.swift */ = {isa = PBXFileReference; lastKnownFileType = sourcecode.swift; path = TimerVC.swift; sourceTree = "<group>"; };
		958462A826F5D7780086EB73 /* WeakProxy.swift */ = {isa = PBXFileReference; lastKnownFileType = sourcecode.swift; path = WeakProxy.swift; sourceTree = "<group>"; };
		95FE7F942725957000EA1A08 /* Promise.swift */ = {isa = PBXFileReference; lastKnownFileType = sourcecode.swift; path = Promise.swift; sourceTree = "<group>"; };
/* End PBXFileReference section */

/* Begin PBXFrameworksBuildPhase section */
		9542F44F26F3316700664188 /* Frameworks */ = {
			isa = PBXFrameworksBuildPhase;
			buildActionMask = 2147483647;
			files = (
				9542F46B26F331B500664188 /* HWUtils.framework in Frameworks */,
			);
			runOnlyForDeploymentPostprocessing = 0;
		};
/* End PBXFrameworksBuildPhase section */

/* Begin PBXGroup section */
		9542F44926F3316700664188 = {
			isa = PBXGroup;
			children = (
				9542F45426F3316700664188 /* Demo */,
				9542F45326F3316700664188 /* Products */,
				9542F46926F331B500664188 /* Frameworks */,
			);
			sourceTree = "<group>";
		};
		9542F45326F3316700664188 /* Products */ = {
			isa = PBXGroup;
			children = (
				9542F45226F3316700664188 /* Demo.app */,
			);
			name = Products;
			sourceTree = "<group>";
		};
		9542F45426F3316700664188 /* Demo */ = {
			isa = PBXGroup;
			children = (
				957A74CD2716BB8800D26434 /* TODO */,
				957A7414270EDDE200D26434 /* KF */,
				958462A526F5D1D30086EB73 /* Timer */,
				9542F47826F3503E00664188 /* AlertStyleView */,
				9542F47726F3503500664188 /* FastNotification */,
				955CA7162707107E000E0AEE /* CommonScriptMessageHandler */,
				9542F45E26F3316A00664188 /* Assets.xcassets */,
				9542F45526F3316700664188 /* AppDelegate.swift */,
				9542F45926F3316700664188 /* MainVC.swift */,
				95FE7F942725957000EA1A08 /* Promise.swift */,
				9542F46026F3316A00664188 /* LaunchScreen.storyboard */,
				9542F46326F3316A00664188 /* Info.plist */,
			);
			path = Demo;
			sourceTree = "<group>";
		};
		9542F46926F331B500664188 /* Frameworks */ = {
			isa = PBXGroup;
			children = (
				9542F46A26F331B500664188 /* HWUtils.framework */,
			);
			name = Frameworks;
			sourceTree = "<group>";
		};
		9542F47726F3503500664188 /* FastNotification */ = {
			isa = PBXGroup;
			children = (
				9542F47326F343D500664188 /* FastNotificationProtocolVC.swift */,
			);
			path = FastNotification;
			sourceTree = "<group>";
		};
		9542F47826F3503E00664188 /* AlertStyleView */ = {
			isa = PBXGroup;
			children = (
				9542F47526F34D0000664188 /* AlertStyleViewVC.swift */,
				957A74AB2715362F00D26434 /* SignView.swift */,
				9542F47926F367E200664188 /* AlertOne.swift */,
				9542F47B26F367EE00664188 /* AlertOne.xib */,
				9584629726F5BEC40086EB73 /* AlertTwo.swift */,
				9584629926F5BECF0086EB73 /* AlertTwo.xib */,
			);
			path = AlertStyleView;
			sourceTree = "<group>";
		};
		955CA7162707107E000E0AEE /* CommonScriptMessageHandler */ = {
			isa = PBXGroup;
			children = (
				955CA719270713D6000E0AEE /* main.html */,
				955CA717270710A5000E0AEE /* CommonScriptMessageHandlerVC.swift */,
			);
			path = CommonScriptMessageHandler;
			sourceTree = "<group>";
		};
		957A7414270EDDE200D26434 /* KF */ = {
			isa = PBXGroup;
			children = (
				957A7415270EDDFE00D26434 /* kf.swift */,
			);
			path = KF;
			sourceTree = "<group>";
		};
		957A74CD2716BB8800D26434 /* TODO */ = {
			isa = PBXGroup;
			children = (
				957A74CE2716BC0000D26434 /* TODOVC.swift */,
			);
			path = TODO;
			sourceTree = "<group>";
		};
		958462A526F5D1D30086EB73 /* Timer */ = {
			isa = PBXGroup;
			children = (
				958462A626F5D1F70086EB73 /* TimerVC.swift */,
				958462A826F5D7780086EB73 /* WeakProxy.swift */,
			);
			path = Timer;
			sourceTree = "<group>";
		};
/* End PBXGroup section */

/* Begin PBXNativeTarget section */
		9542F45126F3316700664188 /* Demo */ = {
			isa = PBXNativeTarget;
			buildConfigurationList = 9542F46626F3316A00664188 /* Build configuration list for PBXNativeTarget "Demo" */;
			buildPhases = (
				9542F44E26F3316700664188 /* Sources */,
				9542F44F26F3316700664188 /* Frameworks */,
				9542F45026F3316700664188 /* Resources */,
				9542F46D26F331B600664188 /* Embed Frameworks */,
			);
			buildRules = (
			);
			dependencies = (
			);
			name = Demo;
			productName = Demo;
			productReference = 9542F45226F3316700664188 /* Demo.app */;
			productType = "com.apple.product-type.application";
		};
/* End PBXNativeTarget section */

/* Begin PBXProject section */
		9542F44A26F3316700664188 /* Project object */ = {
			isa = PBXProject;
			attributes = {
				LastSwiftUpdateCheck = 1250;
				LastUpgradeCheck = 1300;
				TargetAttributes = {
					9542F45126F3316700664188 = {
						CreatedOnToolsVersion = 12.5.1;
					};
				};
			};
			buildConfigurationList = 9542F44D26F3316700664188 /* Build configuration list for PBXProject "Demo" */;
			compatibilityVersion = "Xcode 9.3";
			developmentRegion = en;
			hasScannedForEncodings = 0;
			knownRegions = (
				en,
				Base,
			);
			mainGroup = 9542F44926F3316700664188;
			productRefGroup = 9542F45326F3316700664188 /* Products */;
			projectDirPath = "";
			projectRoot = "";
			targets = (
				9542F45126F3316700664188 /* Demo */,
			);
		};
/* End PBXProject section */

/* Begin PBXResourcesBuildPhase section */
		9542F45026F3316700664188 /* Resources */ = {
			isa = PBXResourcesBuildPhase;
			buildActionMask = 2147483647;
			files = (
				9542F47C26F367EE00664188 /* AlertOne.xib in Resources */,
				9542F46226F3316A00664188 /* LaunchScreen.storyboard in Resources */,
				9542F45F26F3316A00664188 /* Assets.xcassets in Resources */,
				955CA71A270713D6000E0AEE /* main.html in Resources */,
				9584629A26F5BECF0086EB73 /* AlertTwo.xib in Resources */,
			);
			runOnlyForDeploymentPostprocessing = 0;
		};
/* End PBXResourcesBuildPhase section */

/* Begin PBXSourcesBuildPhase section */
		9542F44E26F3316700664188 /* Sources */ = {
			isa = PBXSourcesBuildPhase;
			buildActionMask = 2147483647;
			files = (
				958462A726F5D1F70086EB73 /* TimerVC.swift in Sources */,
				9542F45A26F3316700664188 /* MainVC.swift in Sources */,
				957A7416270EDDFE00D26434 /* kf.swift in Sources */,
				957A74AC2715362F00D26434 /* SignView.swift in Sources */,
				955CA718270710A5000E0AEE /* CommonScriptMessageHandlerVC.swift in Sources */,
				9542F47A26F367E200664188 /* AlertOne.swift in Sources */,
				957A74CF2716BC0100D26434 /* TODOVC.swift in Sources */,
				95FE7F952725957000EA1A08 /* Promise.swift in Sources */,
				9542F45626F3316700664188 /* AppDelegate.swift in Sources */,
				958462A926F5D7780086EB73 /* WeakProxy.swift in Sources */,
				9542F47426F343D500664188 /* FastNotificationProtocolVC.swift in Sources */,
				9542F47626F34D0000664188 /* AlertStyleViewVC.swift in Sources */,
				9584629826F5BEC40086EB73 /* AlertTwo.swift in Sources */,
			);
			runOnlyForDeploymentPostprocessing = 0;
		};
/* End PBXSourcesBuildPhase section */

/* Begin PBXVariantGroup section */
		9542F46026F3316A00664188 /* LaunchScreen.storyboard */ = {
			isa = PBXVariantGroup;
			children = (
				9542F46126F3316A00664188 /* Base */,
			);
			name = LaunchScreen.storyboard;
			sourceTree = "<group>";
		};
/* End PBXVariantGroup section */

/* Begin XCBuildConfiguration section */
		9542F46426F3316A00664188 /* Debug */ = {
			isa = XCBuildConfiguration;
			buildSettings = {
				ALWAYS_SEARCH_USER_PATHS = NO;
				CLANG_ANALYZER_NONNULL = YES;
				CLANG_ANALYZER_NUMBER_OBJECT_CONVERSION = YES_AGGRESSIVE;
				CLANG_CXX_LANGUAGE_STANDARD = "gnu++14";
				CLANG_CXX_LIBRARY = "libc++";
				CLANG_ENABLE_MODULES = YES;
				CLANG_ENABLE_OBJC_ARC = YES;
				CLANG_ENABLE_OBJC_WEAK = YES;
				CLANG_WARN_BLOCK_CAPTURE_AUTORELEASING = YES;
				CLANG_WARN_BOOL_CONVERSION = YES;
				CLANG_WARN_COMMA = YES;
				CLANG_WARN_CONSTANT_CONVERSION = YES;
				CLANG_WARN_DEPRECATED_OBJC_IMPLEMENTATIONS = YES;
				CLANG_WARN_DIRECT_OBJC_ISA_USAGE = YES_ERROR;
				CLANG_WARN_DOCUMENTATION_COMMENTS = YES;
				CLANG_WARN_EMPTY_BODY = YES;
				CLANG_WARN_ENUM_CONVERSION = YES;
				CLANG_WARN_INFINITE_RECURSION = YES;
				CLANG_WARN_INT_CONVERSION = YES;
				CLANG_WARN_NON_LITERAL_NULL_CONVERSION = YES;
				CLANG_WARN_OBJC_IMPLICIT_RETAIN_SELF = YES;
				CLANG_WARN_OBJC_LITERAL_CONVERSION = YES;
				CLANG_WARN_OBJC_ROOT_CLASS = YES_ERROR;
				CLANG_WARN_QUOTED_INCLUDE_IN_FRAMEWORK_HEADER = YES;
				CLANG_WARN_RANGE_LOOP_ANALYSIS = YES;
				CLANG_WARN_STRICT_PROTOTYPES = YES;
				CLANG_WARN_SUSPICIOUS_MOVE = YES;
				CLANG_WARN_UNGUARDED_AVAILABILITY = YES_AGGRESSIVE;
				CLANG_WARN_UNREACHABLE_CODE = YES;
				CLANG_WARN__DUPLICATE_METHOD_MATCH = YES;
				COPY_PHASE_STRIP = NO;
				DEBUG_INFORMATION_FORMAT = dwarf;
				ENABLE_STRICT_OBJC_MSGSEND = YES;
				ENABLE_TESTABILITY = YES;
				GCC_C_LANGUAGE_STANDARD = gnu11;
				GCC_DYNAMIC_NO_PIC = NO;
				GCC_NO_COMMON_BLOCKS = YES;
				GCC_OPTIMIZATION_LEVEL = 0;
				GCC_PREPROCESSOR_DEFINITIONS = (
					"DEBUG=1",
					"$(inherited)",
				);
				GCC_WARN_64_TO_32_BIT_CONVERSION = YES;
				GCC_WARN_ABOUT_RETURN_TYPE = YES_ERROR;
				GCC_WARN_UNDECLARED_SELECTOR = YES;
				GCC_WARN_UNINITIALIZED_AUTOS = YES_AGGRESSIVE;
				GCC_WARN_UNUSED_FUNCTION = YES;
				GCC_WARN_UNUSED_VARIABLE = YES;
				IPHONEOS_DEPLOYMENT_TARGET = 14.5;
				MTL_ENABLE_DEBUG_INFO = INCLUDE_SOURCE;
				MTL_FAST_MATH = YES;
				ONLY_ACTIVE_ARCH = YES;
				SDKROOT = iphoneos;
				SWIFT_ACTIVE_COMPILATION_CONDITIONS = DEBUG;
				SWIFT_OPTIMIZATION_LEVEL = "-Onone";
			};
			name = Debug;
		};
		9542F46526F3316A00664188 /* Release */ = {
			isa = XCBuildConfiguration;
			buildSettings = {
				ALWAYS_SEARCH_USER_PATHS = NO;
				CLANG_ANALYZER_NONNULL = YES;
				CLANG_ANALYZER_NUMBER_OBJECT_CONVERSION = YES_AGGRESSIVE;
				CLANG_CXX_LANGUAGE_STANDARD = "gnu++14";
				CLANG_CXX_LIBRARY = "libc++";
				CLANG_ENABLE_MODULES = YES;
				CLANG_ENABLE_OBJC_ARC = YES;
				CLANG_ENABLE_OBJC_WEAK = YES;
				CLANG_WARN_BLOCK_CAPTURE_AUTORELEASING = YES;
				CLANG_WARN_BOOL_CONVERSION = YES;
				CLANG_WARN_COMMA = YES;
				CLANG_WARN_CONSTANT_CONVERSION = YES;
				CLANG_WARN_DEPRECATED_OBJC_IMPLEMENTATIONS = YES;
				CLANG_WARN_DIRECT_OBJC_ISA_USAGE = YES_ERROR;
				CLANG_WARN_DOCUMENTATION_COMMENTS = YES;
				CLANG_WARN_EMPTY_BODY = YES;
				CLANG_WARN_ENUM_CONVERSION = YES;
				CLANG_WARN_INFINITE_RECURSION = YES;
				CLANG_WARN_INT_CONVERSION = YES;
				CLANG_WARN_NON_LITERAL_NULL_CONVERSION = YES;
				CLANG_WARN_OBJC_IMPLICIT_RETAIN_SELF = YES;
				CLANG_WARN_OBJC_LITERAL_CONVERSION = YES;
				CLANG_WARN_OBJC_ROOT_CLASS = YES_ERROR;
				CLANG_WARN_QUOTED_INCLUDE_IN_FRAMEWORK_HEADER = YES;
				CLANG_WARN_RANGE_LOOP_ANALYSIS = YES;
				CLANG_WARN_STRICT_PROTOTYPES = YES;
				CLANG_WARN_SUSPICIOUS_MOVE = YES;
				CLANG_WARN_UNGUARDED_AVAILABILITY = YES_AGGRESSIVE;
				CLANG_WARN_UNREACHABLE_CODE = YES;
				CLANG_WARN__DUPLICATE_METHOD_MATCH = YES;
				COPY_PHASE_STRIP = NO;
				DEBUG_INFORMATION_FORMAT = "dwarf-with-dsym";
				ENABLE_NS_ASSERTIONS = NO;
				ENABLE_STRICT_OBJC_MSGSEND = YES;
				GCC_C_LANGUAGE_STANDARD = gnu11;
				GCC_NO_COMMON_BLOCKS = YES;
				GCC_WARN_64_TO_32_BIT_CONVERSION = YES;
				GCC_WARN_ABOUT_RETURN_TYPE = YES_ERROR;
				GCC_WARN_UNDECLARED_SELECTOR = YES;
				GCC_WARN_UNINITIALIZED_AUTOS = YES_AGGRESSIVE;
				GCC_WARN_UNUSED_FUNCTION = YES;
				GCC_WARN_UNUSED_VARIABLE = YES;
				IPHONEOS_DEPLOYMENT_TARGET = 14.5;
				MTL_ENABLE_DEBUG_INFO = NO;
				MTL_FAST_MATH = YES;
				SDKROOT = iphoneos;
				SWIFT_COMPILATION_MODE = wholemodule;
				SWIFT_OPTIMIZATION_LEVEL = "-O";
				VALIDATE_PRODUCT = YES;
			};
			name = Release;
		};
		9542F46726F3316A00664188 /* Debug */ = {
			isa = XCBuildConfiguration;
			buildSettings = {
				ASSETCATALOG_COMPILER_APPICON_NAME = AppIcon;
				ASSETCATALOG_COMPILER_GLOBAL_ACCENT_COLOR_NAME = AccentColor;
				CODE_SIGN_STYLE = Automatic;
				DEVELOPMENT_TEAM = GU9DJR9TPS;
				INFOPLIST_FILE = Demo/Info.plist;
				IPHONEOS_DEPLOYMENT_TARGET = 12.0;
				LD_RUNPATH_SEARCH_PATHS = (
					"$(inherited)",
					"@executable_path/Frameworks",
				);
				PRODUCT_BUNDLE_IDENTIFIER = com.hwreal.Demo;
				PRODUCT_NAME = "$(TARGET_NAME)";
				SWIFT_VERSION = 5.0;
				TARGETED_DEVICE_FAMILY = "1,2";
			};
			name = Debug;
		};
		9542F46826F3316A00664188 /* Release */ = {
			isa = XCBuildConfiguration;
			buildSettings = {
				ASSETCATALOG_COMPILER_APPICON_NAME = AppIcon;
				ASSETCATALOG_COMPILER_GLOBAL_ACCENT_COLOR_NAME = AccentColor;
				CODE_SIGN_STYLE = Automatic;
				DEVELOPMENT_TEAM = GU9DJR9TPS;
				INFOPLIST_FILE = Demo/Info.plist;
				IPHONEOS_DEPLOYMENT_TARGET = 12.0;
				LD_RUNPATH_SEARCH_PATHS = (
					"$(inherited)",
					"@executable_path/Frameworks",
				);
				PRODUCT_BUNDLE_IDENTIFIER = com.hwreal.Demo;
				PRODUCT_NAME = "$(TARGET_NAME)";
				SWIFT_VERSION = 5.0;
				TARGETED_DEVICE_FAMILY = "1,2";
			};
			name = Release;
		};
/* End XCBuildConfiguration section */

/* Begin XCConfigurationList section */
		9542F44D26F3316700664188 /* Build configuration list for PBXProject "Demo" */ = {
			isa = XCConfigurationList;
			buildConfigurations = (
				9542F46426F3316A00664188 /* Debug */,
				9542F46526F3316A00664188 /* Release */,
			);
			defaultConfigurationIsVisible = 0;
			defaultConfigurationName = Release;
		};
		9542F46626F3316A00664188 /* Build configuration list for PBXNativeTarget "Demo" */ = {
			isa = XCConfigurationList;
			buildConfigurations = (
				9542F46726F3316A00664188 /* Debug */,
				9542F46826F3316A00664188 /* Release */,
			);
			defaultConfigurationIsVisible = 0;
			defaultConfigurationName = Release;
		};
/* End XCConfigurationList section */
	};
	rootObject = 9542F44A26F3316700664188 /* Project object */;
}
